
Microsoft Visual Studio Solution File, Format Version 12.00
# Visual Studio Version 17
VisualStudioVersion = 17.2.32630.192
MinimumVisualStudioVersion = 10.0.40219.1
Project("{FAE04EC0-301F-11D3-BF4B-00C04F79EFBC}") = "multipage", "multipage\multipage.csproj", "{17DBF68D-ADB7-4A1B-8AEB-4CE8E84860FB}"
EndProject
Global
	GlobalSection(SolutionConfigurationPlatforms) = preSolution
		Debug|Any CPU = Debug|Any CPU
		Release|Any CPU = Release|Any CPU
	EndGlobalSection
	GlobalSection(ProjectConfigurationPlatforms) = postSolution
		{17DBF68D-ADB7-4A1B-8AEB-4CE8E84860FB}.Debug|Any CPU.ActiveCfg = Debug|Any CPU
		{17DBF68D-ADB7-4A1B-8AEB-4CE8E84860FB}.Debug|Any CPU.Build.0 = Debug|Any CPU
		{17DBF68D-ADB7-4A1B-8AEB-4CE8E84860FB}.Release|Any CPU.ActiveCfg = Release|Any CPU
		{17DBF68D-ADB7-4A1B-8AEB-4CE8E84860FB}.Release|Any CPU.Build.0 = Release|Any CPU
	EndGlobalSection
	GlobalSection(SolutionProperties) = preSolution
		HideSolutionNode = FALSE
	EndGlobalSection
	GlobalSection(ExtensibilityGlobals) = postSolution
		SolutionGuid = {A62E406A-C7D8-4E50-8937-1F05CDA66616}
	EndGlobalSection
EndGlobal
